{
  "name": "layatest",
  "version": "1.0.0",
  "lockfileVersion": 1,
  "requires": true,
  "dependencies": {
    "@tbmp/mp-cloud-sdk": {
      "version": "1.4.7",
      "resolved": "https://registry.nlark.com/@tbmp/mp-cloud-sdk/download/@tbmp/mp-cloud-sdk-1.4.7.tgz",
      "integrity": "sha1-fFuQHnzfwSTrbIWhZt5AaIwu6+4="
    },
    "layaengine": {
      "version": "1.0.0"
    }
  }
}
